{
  "name": "sendemail",
  "version": "1.0.0",
  "lockfileVersion": 1,
  "requires": true,
  "dependencies": {
    "nodemailer": {
      "version": "6.4.11",
      "resolved": "https://registry.npm.taobao.org/nodemailer/download/nodemailer-6.4.11.tgz?cache=0&sync_timestamp=1596010849653&other_urls=https%3A%2F%2Fregistry.npm.taobao.org%2Fnodemailer%2Fdownload%2Fnodemailer-6.4.11.tgz",
      "integrity": "sha1-HwC0/9EGQD8XwD89Q9WUWyZ3BGw="
    }
  }
}
